// !$*UTF8*$!
{
	archiveVersion = 1;
	classes = {
	};
	objectVersion = 46;
	objects = {

/* Begin PBXBuildFile section */
		C2BBD49C828ECFC0ECE2E300 /* Pods_CatDogBabyTests.framework in Frameworks */ = {isa = PBXBuildFile; fileRef = DD4B8D9B39BB92B5262F3389 /* Pods_CatDogBabyTests.framework */; };
		C403B11C1E7CD57500929E09 /* AppDelegate.swift in Sources */ = {isa = PBXBuildFile; fileRef = C403B11B1E7CD57500929E09 /* AppDelegate.swift */; };
		C403B1231E7CD57500929E09 /* Assets.xcassets in Resources */ = {isa = PBXBuildFile; fileRef = C403B1221E7CD57500929E09 /* Assets.xcassets */; };
		C403B1261E7CD57500929E09 /* LaunchScreen.storyboard in Resources */ = {isa = PBXBuildFile; fileRef = C403B1241E7CD57500929E09 /* LaunchScreen.storyboard */; };
		C403B1311E7CD57500929E09 /* CatDogBabyTests.swift in Sources */ = {isa = PBXBuildFile; fileRef = C403B1301E7CD57500929E09 /* CatDogBabyTests.swift */; };
		C42DDCFA1E7DEE550087EB43 /* Telekinesis.framework in Frameworks */ = {isa = PBXBuildFile; fileRef = C42DDCF81E7DEE2D0087EB43 /* Telekinesis.framework */; };
		C42DDCFB1E7DEE550087EB43 /* Telekinesis.framework in Embed Frameworks */ = {isa = PBXBuildFile; fileRef = C42DDCF81E7DEE2D0087EB43 /* Telekinesis.framework */; settings = {ATTRIBUTES = (CodeSignOnCopy, RemoveHeadersOnCopy, ); }; };
		C42DDD011E7DF4CA0087EB43 /* Animal.swift in Sources */ = {isa = PBXBuildFile; fileRef = C42DDD001E7DF4CA0087EB43 /* Animal.swift */; };
		C42DDD061E7E00370087EB43 /* DataManager.swift in Sources */ = {isa = PBXBuildFile; fileRef = C42DDD051E7E00370087EB43 /* DataManager.swift */; };
		C42DDD081E7E00540087EB43 /* Secret.swift in Sources */ = {isa = PBXBuildFile; fileRef = C42DDD071E7E00540087EB43 /* Secret.swift */; };
		C4EEA55F1E7CE9D500650E2E /* CameraViewController.swift in Sources */ = {isa = PBXBuildFile; fileRef = C4EEA55E1E7CE9D500650E2E /* CameraViewController.swift */; };
		C4EEA5611E7DDDF800650E2E /* CaptureButton.swift in Sources */ = {isa = PBXBuildFile; fileRef = C4EEA5601E7DDDF800650E2E /* CaptureButton.swift */; };
		C4EEA5631E7DDE4200650E2E /* StyleKit.swift in Sources */ = {isa = PBXBuildFile; fileRef = C4EEA5621E7DDE4200650E2E /* StyleKit.swift */; };
		C4EEA5651E7DE80F00650E2E /* CloseButton.swift in Sources */ = {isa = PBXBuildFile; fileRef = C4EEA5641E7DE80F00650E2E /* CloseButton.swift */; };
		E03B2D9CE7EBE7713E2B43CB /* Pods_CatDogBaby.framework in Frameworks */ = {isa = PBXBuildFile; fileRef = ADA7DE533488DDDB5E7DC372 /* Pods_CatDogBaby.framework */; };
/* End PBXBuildFile section */

/* Begin PBXContainerItemProxy section */
		C403B12D1E7CD57500929E09 /* PBXContainerItemProxy */ = {
			isa = PBXContainerItemProxy;
			containerPortal = C403B1101E7CD57400929E09 /* Project object */;
			proxyType = 1;
			remoteGlobalIDString = C403B1171E7CD57400929E09;
			remoteInfo = CatDogBaby;
		};
/* End PBXContainerItemProxy section */

/* Begin PBXCopyFilesBuildPhase section */
		C42DDCFC1E7DEE550087EB43 /* Embed Frameworks */ = {
			isa = PBXCopyFilesBuildPhase;
			buildActionMask = 2147483647;
			dstPath = "";
			dstSubfolderSpec = 10;
			files = (
				C42DDCFB1E7DEE550087EB43 /* Telekinesis.framework in Embed Frameworks */,
			);
			name = "Embed Frameworks";
			runOnlyForDeploymentPostprocessing = 0;
		};
/* End PBXCopyFilesBuildPhase section */

/* Begin PBXFileReference section */
		6C7D7719448357F105B123F8 /* Pods-CatDogBabyTests.debug.xcconfig */ = {isa = PBXFileReference; includeInIndex = 1; lastKnownFileType = text.xcconfig; name = "Pods-CatDogBabyTests.debug.xcconfig"; path = "Pods/Target Support Files/Pods-CatDogBabyTests/Pods-CatDogBabyTests.debug.xcconfig"; sourceTree = "<group>"; };
		809DB891FA34242F8A7E9057 /* Pods-CatDogBaby.debug.xcconfig */ = {isa = PBXFileReference; includeInIndex = 1; lastKnownFileType = text.xcconfig; name = "Pods-CatDogBaby.debug.xcconfig"; path = "Pods/Target Support Files/Pods-CatDogBaby/Pods-CatDogBaby.debug.xcconfig"; sourceTree = "<group>"; };
		ADA7DE533488DDDB5E7DC372 /* Pods_CatDogBaby.framework */ = {isa = PBXFileReference; explicitFileType = wrapper.framework; includeInIndex = 0; path = Pods_CatDogBaby.framework; sourceTree = BUILT_PRODUCTS_DIR; };
		C403B1181E7CD57500929E09 /* CatDogBaby.app */ = {isa = PBXFileReference; explicitFileType = wrapper.application; includeInIndex = 0; path = CatDogBaby.app; sourceTree = BUILT_PRODUCTS_DIR; };
		C403B11B1E7CD57500929E09 /* AppDelegate.swift */ = {isa = PBXFileReference; lastKnownFileType = sourcecode.swift; path = AppDelegate.swift; sourceTree = "<group>"; };
		C403B1221E7CD57500929E09 /* Assets.xcassets */ = {isa = PBXFileReference; lastKnownFileType = folder.assetcatalog; path = Assets.xcassets; sourceTree = "<group>"; };
		C403B1251E7CD57500929E09 /* Base */ = {isa = PBXFileReference; lastKnownFileType = file.storyboard; name = Base; path = Base.lproj/LaunchScreen.storyboard; sourceTree = "<group>"; };
		C403B1271E7CD57500929E09 /* Info.plist */ = {isa = PBXFileReference; lastKnownFileType = text.plist.xml; path = Info.plist; sourceTree = "<group>"; };
		C403B12C1E7CD57500929E09 /* CatDogBabyTests.xctest */ = {isa = PBXFileReference; explicitFileType = wrapper.cfbundle; includeInIndex = 0; path = CatDogBabyTests.xctest; sourceTree = BUILT_PRODUCTS_DIR; };
		C403B1301E7CD57500929E09 /* CatDogBabyTests.swift */ = {isa = PBXFileReference; lastKnownFileType = sourcecode.swift; path = CatDogBabyTests.swift; sourceTree = "<group>"; };
		C403B1321E7CD57500929E09 /* Info.plist */ = {isa = PBXFileReference; lastKnownFileType = text.plist.xml; path = Info.plist; sourceTree = "<group>"; };
		C42DDCF81E7DEE2D0087EB43 /* Telekinesis.framework */ = {isa = PBXFileReference; lastKnownFileType = wrapper.framework; name = Telekinesis.framework; path = Frameworks/Telekinesis.framework; sourceTree = "<group>"; };
		C42DDD001E7DF4CA0087EB43 /* Animal.swift */ = {isa = PBXFileReference; fileEncoding = 4; lastKnownFileType = sourcecode.swift; path = Animal.swift; sourceTree = "<group>"; };
		C42DDD051E7E00370087EB43 /* DataManager.swift */ = {isa = PBXFileReference; fileEncoding = 4; lastKnownFileType = sourcecode.swift; path = DataManager.swift; sourceTree = "<group>"; };
		C42DDD071E7E00540087EB43 /* Secret.swift */ = {isa = PBXFileReference; fileEncoding = 4; lastKnownFileType = sourcecode.swift; path = Secret.swift; sourceTree = "<group>"; };
		C4EEA55E1E7CE9D500650E2E /* CameraViewController.swift */ = {isa = PBXFileReference; fileEncoding = 4; lastKnownFileType = sourcecode.swift; path = CameraViewController.swift; sourceTree = "<group>"; };
		C4EEA5601E7DDDF800650E2E /* CaptureButton.swift */ = {isa = PBXFileReference; fileEncoding = 4; lastKnownFileType = sourcecode.swift; path = CaptureButton.swift; sourceTree = "<group>"; };
		C4EEA5621E7DDE4200650E2E /* StyleKit.swift */ = {isa = PBXFileReference; fileEncoding = 4; lastKnownFileType = sourcecode.swift; path = StyleKit.swift; sourceTree = "<group>"; };
		C4EEA5641E7DE80F00650E2E /* CloseButton.swift */ = {isa = PBXFileReference; fileEncoding = 4; lastKnownFileType = sourcecode.swift; path = CloseButton.swift; sourceTree = "<group>"; };
		CB380B8AE5D167E5E1B1C638 /* Pods-CatDogBabyTests.release.xcconfig */ = {isa = PBXFileReference; includeInIndex = 1; lastKnownFileType = text.xcconfig; name = "Pods-CatDogBabyTests.release.xcconfig"; path = "Pods/Target Support Files/Pods-CatDogBabyTests/Pods-CatDogBabyTests.release.xcconfig"; sourceTree = "<group>"; };
		DA6A7EA1D510BC04FCEA4C07 /* Pods-CatDogBaby.release.xcconfig */ = {isa = PBXFileReference; includeInIndex = 1; lastKnownFileType = text.xcconfig; name = "Pods-CatDogBaby.release.xcconfig"; path = "Pods/Target Support Files/Pods-CatDogBaby/Pods-CatDogBaby.release.xcconfig"; sourceTree = "<group>"; };
		DD4B8D9B39BB92B5262F3389 /* Pods_CatDogBabyTests.framework */ = {isa = PBXFileReference; explicitFileType = wrapper.framework; includeInIndex = 0; path = Pods_CatDogBabyTests.framework; sourceTree = BUILT_PRODUCTS_DIR; };
/* End PBXFileReference section */

/* Begin PBXFrameworksBuildPhase section */
		C403B1151E7CD57400929E09 /* Frameworks */ = {
			isa = PBXFrameworksBuildPhase;
			buildActionMask = 2147483647;
			files = (
				E03B2D9CE7EBE7713E2B43CB /* Pods_CatDogBaby.framework in Frameworks */,
				C42DDCFA1E7DEE550087EB43 /* Telekinesis.framework in Frameworks */,
			);
			runOnlyForDeploymentPostprocessing = 0;
		};
		C403B1291E7CD57500929E09 /* Frameworks */ = {
			isa = PBXFrameworksBuildPhase;
			buildActionMask = 2147483647;
			files = (
				C2BBD49C828ECFC0ECE2E300 /* Pods_CatDogBabyTests.framework in Frameworks */,
			);
			runOnlyForDeploymentPostprocessing = 0;
		};
/* End PBXFrameworksBuildPhase section */

/* Begin PBXGroup section */
		43406F81244864E7BA2DDF94 /* Frameworks */ = {
			isa = PBXGroup;
			children = (
				C42DDCF81E7DEE2D0087EB43 /* Telekinesis.framework */,
				ADA7DE533488DDDB5E7DC372 /* Pods_CatDogBaby.framework */,
				DD4B8D9B39BB92B5262F3389 /* Pods_CatDogBabyTests.framework */,
			);
			name = Frameworks;
			sourceTree = "<group>";
		};
		C403B10F1E7CD57400929E09 = {
			isa = PBXGroup;
			children = (
				C403B11A1E7CD57500929E09 /* CatDogBaby */,
				C403B12F1E7CD57500929E09 /* CatDogBabyTests */,
				C403B1191E7CD57500929E09 /* Products */,
				FAAA9CC9B431CAF1171FDF6B /* Pods */,
				43406F81244864E7BA2DDF94 /* Frameworks */,
			);
			sourceTree = "<group>";
		};
		C403B1191E7CD57500929E09 /* Products */ = {
			isa = PBXGroup;
			children = (
				C403B1181E7CD57500929E09 /* CatDogBaby.app */,
				C403B12C1E7CD57500929E09 /* CatDogBabyTests.xctest */,
			);
			name = Products;
			sourceTree = "<group>";
		};
		C403B11A1E7CD57500929E09 /* CatDogBaby */ = {
			isa = PBXGroup;
			children = (
				C42DDCFE1E7DF4A40087EB43 /* Model */,
				C42DDCFF1E7DF4AA0087EB43 /* View */,
				C42DDCFD1E7DF49F0087EB43 /* Controller */,
				C42DDD041E7E00170087EB43 /* Data */,
				C42DDD021E7DF5110087EB43 /* Supporting Files */,
			);
			path = CatDogBaby;
			sourceTree = "<group>";
		};
		C403B12F1E7CD57500929E09 /* CatDogBabyTests */ = {
			isa = PBXGroup;
			children = (
				C403B1301E7CD57500929E09 /* CatDogBabyTests.swift */,
				C403B1321E7CD57500929E09 /* Info.plist */,
			);
			path = CatDogBabyTests;
			sourceTree = "<group>";
		};
		C42DDCFD1E7DF49F0087EB43 /* Controller */ = {
			isa = PBXGroup;
			children = (
				C403B11B1E7CD57500929E09 /* AppDelegate.swift */,
				C4EEA55E1E7CE9D500650E2E /* CameraViewController.swift */,
			);
			name = Controller;
			sourceTree = "<group>";
		};
		C42DDCFE1E7DF4A40087EB43 /* Model */ = {
			isa = PBXGroup;
			children = (
				C42DDD001E7DF4CA0087EB43 /* Animal.swift */,
			);
			name = Model;
			sourceTree = "<group>";
		};
		C42DDCFF1E7DF4AA0087EB43 /* View */ = {
			isa = PBXGroup;
			children = (
				C4EEA5641E7DE80F00650E2E /* CloseButton.swift */,
				C4EEA5601E7DDDF800650E2E /* CaptureButton.swift */,
			);
			name = View;
			sourceTree = "<group>";
		};
		C42DDD021E7DF5110087EB43 /* Supporting Files */ = {
			isa = PBXGroup;
			children = (
				C403B1271E7CD57500929E09 /* Info.plist */,
				C403B1241E7CD57500929E09 /* LaunchScreen.storyboard */,
				C403B1221E7CD57500929E09 /* Assets.xcassets */,
				C4EEA5621E7DDE4200650E2E /* StyleKit.swift */,
				C42DDD071E7E00540087EB43 /* Secret.swift */,
			);
			name = "Supporting Files";
			sourceTree = "<group>";
		};
		C42DDD041E7E00170087EB43 /* Data */ = {
			isa = PBXGroup;
			children = (
				C42DDD051E7E00370087EB43 /* DataManager.swift */,
			);
			name = Data;
			sourceTree = "<group>";
		};
		FAAA9CC9B431CAF1171FDF6B /* Pods */ = {
			isa = PBXGroup;
			children = (
				809DB891FA34242F8A7E9057 /* Pods-CatDogBaby.debug.xcconfig */,
				DA6A7EA1D510BC04FCEA4C07 /* Pods-CatDogBaby.release.xcconfig */,
				6C7D7719448357F105B123F8 /* Pods-CatDogBabyTests.debug.xcconfig */,
				CB380B8AE5D167E5E1B1C638 /* Pods-CatDogBabyTests.release.xcconfig */,
			);
			name = Pods;
			sourceTree = "<group>";
		};
/* End PBXGroup section */

/* Begin PBXNativeTarget section */
		C403B1171E7CD57400929E09 /* CatDogBaby */ = {
			isa = PBXNativeTarget;
			buildConfigurationList = C403B1351E7CD57500929E09 /* Build configuration list for PBXNativeTarget "CatDogBaby" */;
			buildPhases = (
				743E2184438708D6CC4861B7 /* [CP] Check Pods Manifest.lock */,
				C403B1141E7CD57400929E09 /* Sources */,
				C403B1151E7CD57400929E09 /* Frameworks */,
				C403B1161E7CD57400929E09 /* Resources */,
				328E627BCB22D61565069230 /* [CP] Embed Pods Frameworks */,
				39E849629739F566BFC071BE /* [CP] Copy Pods Resources */,
				C42DDCFC1E7DEE550087EB43 /* Embed Frameworks */,
			);
			buildRules = (
			);
			dependencies = (
			);
			name = CatDogBaby;
			productName = CatDogBaby;
			productReference = C403B1181E7CD57500929E09 /* CatDogBaby.app */;
			productType = "com.apple.product-type.application";
		};
		C403B12B1E7CD57500929E09 /* CatDogBabyTests */ = {
			isa = PBXNativeTarget;
			buildConfigurationList = C403B1381E7CD57500929E09 /* Build configuration list for PBXNativeTarget "CatDogBabyTests" */;
			buildPhases = (
				FFFC09AFE8B0A6FCF2A9DE6A /* [CP] Check Pods Manifest.lock */,
				C403B1281E7CD57500929E09 /* Sources */,
				C403B1291E7CD57500929E09 /* Frameworks */,
				C403B12A1E7CD57500929E09 /* Resources */,
				5E5AEEC452D4B16C36559E5E /* [CP] Embed Pods Frameworks */,
				4B1B01105B951E195D12DEDC /* [CP] Copy Pods Resources */,
			);
			buildRules = (
			);
			dependencies = (
				C403B12E1E7CD57500929E09 /* PBXTargetDependency */,
			);
			name = CatDogBabyTests;
			productName = CatDogBabyTests;
			productReference = C403B12C1E7CD57500929E09 /* CatDogBabyTests.xctest */;
			productType = "com.apple.product-type.bundle.unit-test";
		};
/* End PBXNativeTarget section */

/* Begin PBXProject section */
		C403B1101E7CD57400929E09 /* Project object */ = {
			isa = PBXProject;
			attributes = {
				LastSwiftUpdateCheck = 0820;
				LastUpgradeCheck = 0820;
				ORGANIZATIONNAME = "William Robinson";
				TargetAttributes = {
					C403B1171E7CD57400929E09 = {
						CreatedOnToolsVersion = 8.2.1;
						DevelopmentTeam = TWPE6ND5AF;
						ProvisioningStyle = Automatic;
					};
					C403B12B1E7CD57500929E09 = {
						CreatedOnToolsVersion = 8.2.1;
						DevelopmentTeam = TWPE6ND5AF;
						ProvisioningStyle = Automatic;
						TestTargetID = C403B1171E7CD57400929E09;
					};
				};
			};
			buildConfigurationList = C403B1131E7CD57400929E09 /* Build configuration list for PBXProject "CatDogBaby" */;
			compatibilityVersion = "Xcode 3.2";
			developmentRegion = English;
			hasScannedForEncodings = 0;
			knownRegions = (
				en,
				Base,
			);
			mainGroup = C403B10F1E7CD57400929E09;
			productRefGroup = C403B1191E7CD57500929E09 /* Products */;
			projectDirPath = "";
			projectRoot = "";
			targets = (
				C403B1171E7CD57400929E09 /* CatDogBaby */,
				C403B12B1E7CD57500929E09 /* CatDogBabyTests */,
			);
		};
/* End PBXProject section */

/* Begin PBXResourcesBuildPhase section */
		C403B1161E7CD57400929E09 /* Resources */ = {
			isa = PBXResourcesBuildPhase;
			buildActionMask = 2147483647;
			files = (
				C403B1261E7CD57500929E09 /* LaunchScreen.storyboard in Resources */,
				C403B1231E7CD57500929E09 /* Assets.xcassets in Resources */,
			);
			runOnlyForDeploymentPostprocessing = 0;
		};
		C403B12A1E7CD57500929E09 /* Resources */ = {
			isa = PBXResourcesBuildPhase;
			buildActionMask = 2147483647;
			files = (
			);
			runOnlyForDeploymentPostprocessing = 0;
		};
/* End PBXResourcesBuildPhase section */

/* Begin PBXShellScriptBuildPhase section */
		328E627BCB22D61565069230 /* [CP] Embed Pods Frameworks */ = {
			isa = PBXShellScriptBuildPhase;
			buildActionMask = 2147483647;
			files = (
			);
			inputPaths = (
			);
			name = "[CP] Embed Pods Frameworks";
			outputPaths = (
			);
			runOnlyForDeploymentPostprocessing = 0;
			shellPath = /bin/sh;
			shellScript = "\"${SRCROOT}/Pods/Target Support Files/Pods-CatDogBaby/Pods-CatDogBaby-frameworks.sh\"\n";
			showEnvVarsInLog = 0;
		};
		39E849629739F566BFC071BE /* [CP] Copy Pods Resources */ = {
			isa = PBXShellScriptBuildPhase;
			buildActionMask = 2147483647;
			files = (
			);
			inputPaths = (
			);
			name = "[CP] Copy Pods Resources";
			outputPaths = (
			);
			runOnlyForDeploymentPostprocessing = 0;
			shellPath = /bin/sh;
			shellScript = "\"${SRCROOT}/Pods/Target Support Files/Pods-CatDogBaby/Pods-CatDogBaby-resources.sh\"\n";
			showEnvVarsInLog = 0;
		};
		4B1B01105B951E195D12DEDC /* [CP] Copy Pods Resources */ = {
			isa = PBXShellScriptBuildPhase;
			buildActionMask = 2147483647;
			files = (
			);
			inputPaths = (
			);
			name = "[CP] Copy Pods Resources";
			outputPaths = (
			);
			runOnlyForDeploymentPostprocessing = 0;
			shellPath = /bin/sh;
			shellScript = "\"${SRCROOT}/Pods/Target Support Files/Pods-CatDogBabyTests/Pods-CatDogBabyTests-resources.sh\"\n";
			showEnvVarsInLog = 0;
		};
		5E5AEEC452D4B16C36559E5E /* [CP] Embed Pods Frameworks */ = {
			isa = PBXShellScriptBuildPhase;
			buildActionMask = 2147483647;
			files = (
			);
			inputPaths = (
			);
			name = "[CP] Embed Pods Frameworks";
			outputPaths = (
			);
			runOnlyForDeploymentPostprocessing = 0;
			shellPath = /bin/sh;
			shellScript = "\"${SRCROOT}/Pods/Target Support Files/Pods-CatDogBabyTests/Pods-CatDogBabyTests-frameworks.sh\"\n";
			showEnvVarsInLog = 0;
		};
		743E2184438708D6CC4861B7 /* [CP] Check Pods Manifest.lock */ = {
			isa = PBXShellScriptBuildPhase;
			buildActionMask = 2147483647;
			files = (
			);
			inputPaths = (
			);
			name = "[CP] Check Pods Manifest.lock";
			outputPaths = (
			);
			runOnlyForDeploymentPostprocessing = 0;
			shellPath = /bin/sh;
			shellScript = "diff \"${PODS_PODFILE_DIR_PATH}/Podfile.lock\" \"${PODS_ROOT}/Manifest.lock\" > /dev/null\nif [ $? != 0 ] ; then\n    # print error to STDERR\n    echo \"error: The sandbox is not in sync with the Podfile.lock. Run 'pod install' or update your CocoaPods installation.\" >&2\n    exit 1\nfi\n";
			showEnvVarsInLog = 0;
		};
		FFFC09AFE8B0A6FCF2A9DE6A /* [CP] Check Pods Manifest.lock */ = {
			isa = PBXShellScriptBuildPhase;
			buildActionMask = 2147483647;
			files = (
			);
			inputPaths = (
			);
			name = "[CP] Check Pods Manifest.lock";
			outputPaths = (
			);
			runOnlyForDeploymentPostprocessing = 0;
			shellPath = /bin/sh;
			shellScript = "diff \"${PODS_PODFILE_DIR_PATH}/Podfile.lock\" \"${PODS_ROOT}/Manifest.lock\" > /dev/null\nif [ $? != 0 ] ; then\n    # print error to STDERR\n    echo \"error: The sandbox is not in sync with the Podfile.lock. Run 'pod install' or update your CocoaPods installation.\" >&2\n    exit 1\nfi\n";
			showEnvVarsInLog = 0;
		};
/* End PBXShellScriptBuildPhase section */

/* Begin PBXSourcesBuildPhase section */
		C403B1141E7CD57400929E09 /* Sources */ = {
			isa = PBXSourcesBuildPhase;
			buildActionMask = 2147483647;
			files = (
				C4EEA5651E7DE80F00650E2E /* CloseButton.swift in Sources */,
				C403B11C1E7CD57500929E09 /* AppDelegate.swift in Sources */,
				C4EEA5611E7DDDF800650E2E /* CaptureButton.swift in Sources */,
				C42DDD061E7E00370087EB43 /* DataManager.swift in Sources */,
				C4EEA5631E7DDE4200650E2E /* StyleKit.swift in Sources */,
				C42DDD081E7E00540087EB43 /* Secret.swift in Sources */,
				C4EEA55F1E7CE9D500650E2E /* CameraViewController.swift in Sources */,
				C42DDD011E7DF4CA0087EB43 /* Animal.swift in Sources */,
			);
			runOnlyForDeploymentPostprocessing = 0;
		};
		C403B1281E7CD57500929E09 /* Sources */ = {
			isa = PBXSourcesBuildPhase;
			buildActionMask = 2147483647;
			files = (
				C403B1311E7CD57500929E09 /* CatDogBabyTests.swift in Sources */,
			);
			runOnlyForDeploymentPostprocessing = 0;
		};
/* End PBXSourcesBuildPhase section */

/* Begin PBXTargetDependency section */
		C403B12E1E7CD57500929E09 /* PBXTargetDependency */ = {
			isa = PBXTargetDependency;
			target = C403B1171E7CD57400929E09 /* CatDogBaby */;
			targetProxy = C403B12D1E7CD57500929E09 /* PBXContainerItemProxy */;
		};
/* End PBXTargetDependency section */

/* Begin PBXVariantGroup section */
		C403B1241E7CD57500929E09 /* LaunchScreen.storyboard */ = {
			isa = PBXVariantGroup;
			children = (
				C403B1251E7CD57500929E09 /* Base */,
			);
			name = LaunchScreen.storyboard;
			sourceTree = "<group>";
		};
/* End PBXVariantGroup section */

/* Begin XCBuildConfiguration section */
		C403B1331E7CD57500929E09 /* Debug */ = {
			isa = XCBuildConfiguration;
			buildSettings = {
				ALWAYS_SEARCH_USER_PATHS = NO;
				CLANG_ANALYZER_NONNULL = YES;
				CLANG_CXX_LANGUAGE_STANDARD = "gnu++0x";
				CLANG_CXX_LIBRARY = "libc++";
				CLANG_ENABLE_MODULES = YES;
				CLANG_ENABLE_OBJC_ARC = YES;
				CLANG_WARN_BOOL_CONVERSION = YES;
				CLANG_WARN_CONSTANT_CONVERSION = YES;
				CLANG_WARN_DIRECT_OBJC_ISA_USAGE = YES_ERROR;
				CLANG_WARN_DOCUMENTATION_COMMENTS = YES;
				CLANG_WARN_EMPTY_BODY = YES;
				CLANG_WARN_ENUM_CONVERSION = YES;
				CLANG_WARN_INFINITE_RECURSION = YES;
				CLANG_WARN_INT_CONVERSION = YES;
				CLANG_WARN_OBJC_ROOT_CLASS = YES_ERROR;
				CLANG_WARN_SUSPICIOUS_MOVE = YES;
				CLANG_WARN_UNREACHABLE_CODE = YES;
				CLANG_WARN__DUPLICATE_METHOD_MATCH = YES;
				"CODE_SIGN_IDENTITY[sdk=iphoneos*]" = "iPhone Developer";
				COPY_PHASE_STRIP = NO;
				DEBUG_INFORMATION_FORMAT = dwarf;
				ENABLE_STRICT_OBJC_MSGSEND = YES;
				ENABLE_TESTABILITY = YES;
				GCC_C_LANGUAGE_STANDARD = gnu99;
				GCC_DYNAMIC_NO_PIC = NO;
				GCC_NO_COMMON_BLOCKS = YES;
				GCC_OPTIMIZATION_LEVEL = 0;
				GCC_PREPROCESSOR_DEFINITIONS = (
					"DEBUG=1",
					"$(inherited)",
				);
				GCC_WARN_64_TO_32_BIT_CONVERSION = YES;
				GCC_WARN_ABOUT_RETURN_TYPE = YES_ERROR;
				GCC_WARN_UNDECLARED_SELECTOR = YES;
				GCC_WARN_UNINITIALIZED_AUTOS = YES_AGGRESSIVE;
				GCC_WARN_UNUSED_FUNCTION = YES;
				GCC_WARN_UNUSED_VARIABLE = YES;
				IPHONEOS_DEPLOYMENT_TARGET = 10.2;
				MTL_ENABLE_DEBUG_INFO = YES;
				ONLY_ACTIVE_ARCH = YES;
				SDKROOT = iphoneos;
				SWIFT_ACTIVE_COMPILATION_CONDITIONS = DEBUG;
				SWIFT_OPTIMIZATION_LEVEL = "-Onone";
				TARGETED_DEVICE_FAMILY = "1,2";
			};
			name = Debug;
		};
		C403B1341E7CD57500929E09 /* Release */ = {
			isa = XCBuildConfiguration;
			buildSettings = {
				ALWAYS_SEARCH_USER_PATHS = NO;
				CLANG_ANALYZER_NONNULL = YES;
				CLANG_CXX_LANGUAGE_STANDARD = "gnu++0x";
				CLANG_CXX_LIBRARY = "libc++";
				CLANG_ENABLE_MODULES = YES;
				CLANG_ENABLE_OBJC_ARC = YES;
				CLANG_WARN_BOOL_CONVERSION = YES;
				CLANG_WARN_CONSTANT_CONVERSION = YES;
				CLANG_WARN_DIRECT_OBJC_ISA_USAGE = YES_ERROR;
				CLANG_WARN_DOCUMENTATION_COMMENTS = YES;
				CLANG_WARN_EMPTY_BODY = YES;
				CLANG_WARN_ENUM_CONVERSION = YES;
				CLANG_WARN_INFINITE_RECURSION = YES;
				CLANG_WARN_INT_CONVERSION = YES;
				CLANG_WARN_OBJC_ROOT_CLASS = YES_ERROR;
				CLANG_WARN_SUSPICIOUS_MOVE = YES;
				CLANG_WARN_UNREACHABLE_CODE = YES;
				CLANG_WARN__DUPLICATE_METHOD_MATCH = YES;
				"CODE_SIGN_IDENTITY[sdk=iphoneos*]" = "iPhone Developer";
				COPY_PHASE_STRIP = NO;
				DEBUG_INFORMATION_FORMAT = "dwarf-with-dsym";
				ENABLE_NS_ASSERTIONS = NO;
				ENABLE_STRICT_OBJC_MSGSEND = YES;
				GCC_C_LANGUAGE_STANDARD = gnu99;
				GCC_NO_COMMON_BLOCKS = YES;
				GCC_WARN_64_TO_32_BIT_CONVERSION = YES;
				GCC_WARN_ABOUT_RETURN_TYPE = YES_ERROR;
				GCC_WARN_UNDECLARED_SELECTOR = YES;
				GCC_WARN_UNINITIALIZED_AUTOS = YES_AGGRESSIVE;
				GCC_WARN_UNUSED_FUNCTION = YES;
				GCC_WARN_UNUSED_VARIABLE = YES;
				IPHONEOS_DEPLOYMENT_TARGET = 10.2;
				MTL_ENABLE_DEBUG_INFO = NO;
				SDKROOT = iphoneos;
				SWIFT_OPTIMIZATION_LEVEL = "-Owholemodule";
				TARGETED_DEVICE_FAMILY = "1,2";
				VALIDATE_PRODUCT = YES;
			};
			name = Release;
		};
		C403B1361E7CD57500929E09 /* Debug */ = {
			isa = XCBuildConfiguration;
			baseConfigurationReference = 809DB891FA34242F8A7E9057 /* Pods-CatDogBaby.debug.xcconfig */;
			buildSettings = {
				ASSETCATALOG_COMPILER_APPICON_NAME = AppIcon;
				DEVELOPMENT_TEAM = TWPE6ND5AF;
				FRAMEWORK_SEARCH_PATHS = (
					"$(inherited)",
					"$(PROJECT_DIR)/Frameworks",
				);
				INFOPLIST_FILE = CatDogBaby/Info.plist;
				LD_RUNPATH_SEARCH_PATHS = "$(inherited) @executable_path/Frameworks";
				PRODUCT_BUNDLE_IDENTIFIER = com.WilliamRobinson.CatDogBaby;
				PRODUCT_NAME = "$(TARGET_NAME)";
				SWIFT_VERSION = 3.0;
			};
			name = Debug;
		};
		C403B1371E7CD57500929E09 /* Release */ = {
			isa = XCBuildConfiguration;
			baseConfigurationReference = DA6A7EA1D510BC04FCEA4C07 /* Pods-CatDogBaby.release.xcconfig */;
			buildSettings = {
				ASSETCATALOG_COMPILER_APPICON_NAME = AppIcon;
				DEVELOPMENT_TEAM = TWPE6ND5AF;
				FRAMEWORK_SEARCH_PATHS = (
					"$(inherited)",
					"$(PROJECT_DIR)/Frameworks",
				);
				INFOPLIST_FILE = CatDogBaby/Info.plist;
				LD_RUNPATH_SEARCH_PATHS = "$(inherited) @executable_path/Frameworks";
				PRODUCT_BUNDLE_IDENTIFIER = com.WilliamRobinson.CatDogBaby;
				PRODUCT_NAME = "$(TARGET_NAME)";
				SWIFT_VERSION = 3.0;
			};
			name = Release;
		};
		C403B1391E7CD57500929E09 /* Debug */ = {
			isa = XCBuildConfiguration;
			baseConfigurationReference = 6C7D7719448357F105B123F8 /* Pods-CatDogBabyTests.debug.xcconfig */;
			buildSettings = {
				ALWAYS_EMBED_SWIFT_STANDARD_LIBRARIES = YES;
				BUNDLE_LOADER = "$(TEST_HOST)";
				DEVELOPMENT_TEAM = TWPE6ND5AF;
				INFOPLIST_FILE = CatDogBabyTests/Info.plist;
				LD_RUNPATH_SEARCH_PATHS = "$(inherited) @executable_path/Frameworks @loader_path/Frameworks";
				PRODUCT_BUNDLE_IDENTIFIER = com.WilliamRobinson.CatDogBabyTests;
				PRODUCT_NAME = "$(TARGET_NAME)";
				SWIFT_VERSION = 3.0;
				TEST_HOST = "$(BUILT_PRODUCTS_DIR)/CatDogBaby.app/CatDogBaby";
			};
			name = Debug;
		};
		C403B13A1E7CD57500929E09 /* Release */ = {
			isa = XCBuildConfiguration;
			baseConfigurationReference = CB380B8AE5D167E5E1B1C638 /* Pods-CatDogBabyTests.release.xcconfig */;
			buildSettings = {
				ALWAYS_EMBED_SWIFT_STANDARD_LIBRARIES = YES;
				BUNDLE_LOADER = "$(TEST_HOST)";
				DEVELOPMENT_TEAM = TWPE6ND5AF;
				INFOPLIST_FILE = CatDogBabyTests/Info.plist;
				LD_RUNPATH_SEARCH_PATHS = "$(inherited) @executable_path/Frameworks @loader_path/Frameworks";
				PRODUCT_BUNDLE_IDENTIFIER = com.WilliamRobinson.CatDogBabyTests;
				PRODUCT_NAME = "$(TARGET_NAME)";
				SWIFT_VERSION = 3.0;
				TEST_HOST = "$(BUILT_PRODUCTS_DIR)/CatDogBaby.app/CatDogBaby";
			};
			name = Release;
		};
/* End XCBuildConfiguration section */

/* Begin XCConfigurationList section */
		C403B1131E7CD57400929E09 /* Build configuration list for PBXProject "CatDogBaby" */ = {
			isa = XCConfigurationList;
			buildConfigurations = (
				C403B1331E7CD57500929E09 /* Debug */,
				C403B1341E7CD57500929E09 /* Release */,
			);
			defaultConfigurationIsVisible = 0;
			defaultConfigurationName = Release;
		};
		C403B1351E7CD57500929E09 /* Build configuration list for PBXNativeTarget "CatDogBaby" */ = {
			isa = XCConfigurationList;
			buildConfigurations = (
				C403B1361E7CD57500929E09 /* Debug */,
				C403B1371E7CD57500929E09 /* Release */,
			);
			defaultConfigurationIsVisible = 0;
			defaultConfigurationName = Release;
		};
		C403B1381E7CD57500929E09 /* Build configuration list for PBXNativeTarget "CatDogBabyTests" */ = {
			isa = XCConfigurationList;
			buildConfigurations = (
				C403B1391E7CD57500929E09 /* Debug */,
				C403B13A1E7CD57500929E09 /* Release */,
			);
			defaultConfigurationIsVisible = 0;
			defaultConfigurationName = Release;
		};
/* End XCConfigurationList section */
	};
	rootObject = C403B1101E7CD57400929E09 /* Project object */;
}
